// !$*UTF8*$!
{
	archiveVersion = 1;
	classes = {
	};
	objectVersion = 56;
	objects = {

/* Begin PBXBuildFile section */
		A2F041BE2C40B9D300722F48 /* AppDelegate.swift in Sources */ = {isa = PBXBuildFile; fileRef = A2F041BD2C40B9D300722F48 /* AppDelegate.swift */; };
		A2F041C02C40B9D300722F48 /* SceneDelegate.swift in Sources */ = {isa = PBXBuildFile; fileRef = A2F041BF2C40B9D300722F48 /* SceneDelegate.swift */; };
		A2F041C22C40B9D300722F48 /* ViewController.swift in Sources */ = {isa = PBXBuildFile; fileRef = A2F041C12C40B9D300722F48 /* ViewController.swift */; };
		A2F041C82C40B9D300722F48 /* PhoneBookProject.xcdatamodeld in Sources */ = {isa = PBXBuildFile; fileRef = A2F041C62C40B9D300722F48 /* PhoneBookProject.xcdatamodeld */; };
		A2F041CA2C40B9D400722F48 /* Assets.xcassets in Resources */ = {isa = PBXBuildFile; fileRef = A2F041C92C40B9D400722F48 /* Assets.xcassets */; };
		A2F041CD2C40B9D400722F48 /* Base in Resources */ = {isa = PBXBuildFile; fileRef = A2F041CC2C40B9D400722F48 /* Base */; };
		A2F041D92C410E2000722F48 /* PhoneBook+CoreDataClass.swift in Sources */ = {isa = PBXBuildFile; fileRef = A2F041D72C410E2000722F48 /* PhoneBook+CoreDataClass.swift */; };
		A2F041DA2C410E2000722F48 /* PhoneBook+CoreDataProperties.swift in Sources */ = {isa = PBXBuildFile; fileRef = A2F041D82C410E2000722F48 /* PhoneBook+CoreDataProperties.swift */; };
		A2F041DD2C411B5E00722F48 /* SnapKit in Frameworks */ = {isa = PBXBuildFile; productRef = A2F041DC2C411B5E00722F48 /* SnapKit */; };
		A2F041DF2C4121EF00722F48 /* PhoneBookViewController.swift in Sources */ = {isa = PBXBuildFile; fileRef = A2F041DE2C4121EF00722F48 /* PhoneBookViewController.swift */; };
		A2F041E12C44B79B00722F48 /* PoketMon.swift in Sources */ = {isa = PBXBuildFile; fileRef = A2F041E02C44B79B00722F48 /* PoketMon.swift */; };
		A2F041E32C450AEA00722F48 /* TableViewCell.swift in Sources */ = {isa = PBXBuildFile; fileRef = A2F041E22C450AEA00722F48 /* TableViewCell.swift */; };
		A2F041E52C45161800722F48 /* TableView.swift in Sources */ = {isa = PBXBuildFile; fileRef = A2F041E42C45161800722F48 /* TableView.swift */; };
		A2F041E72C4685A100722F48 /* PoketMonImageView.swift in Sources */ = {isa = PBXBuildFile; fileRef = A2F041E62C4685A100722F48 /* PoketMonImageView.swift */; };
		A2F041EC2C48DE0E00722F48 /* NetworkManager.swift in Sources */ = {isa = PBXBuildFile; fileRef = A2F041EB2C48DE0E00722F48 /* NetworkManager.swift */; };
		A2F041EE2C48E7B400722F48 /* TextView.swift in Sources */ = {isa = PBXBuildFile; fileRef = A2F041ED2C48E7B400722F48 /* TextView.swift */; };
/* End PBXBuildFile section */

/* Begin PBXFileReference section */
		A2F041BA2C40B9D300722F48 /* PhoneBookProject.app */ = {isa = PBXFileReference; explicitFileType = wrapper.application; includeInIndex = 0; path = PhoneBookProject.app; sourceTree = BUILT_PRODUCTS_DIR; };
		A2F041BD2C40B9D300722F48 /* AppDelegate.swift */ = {isa = PBXFileReference; lastKnownFileType = sourcecode.swift; path = AppDelegate.swift; sourceTree = "<group>"; };
		A2F041BF2C40B9D300722F48 /* SceneDelegate.swift */ = {isa = PBXFileReference; lastKnownFileType = sourcecode.swift; path = SceneDelegate.swift; sourceTree = "<group>"; };
		A2F041C12C40B9D300722F48 /* ViewController.swift */ = {isa = PBXFileReference; lastKnownFileType = sourcecode.swift; path = ViewController.swift; sourceTree = "<group>"; };
		A2F041C72C40B9D300722F48 /* PhoneBookProject.xcdatamodel */ = {isa = PBXFileReference; lastKnownFileType = wrapper.xcdatamodel; path = PhoneBookProject.xcdatamodel; sourceTree = "<group>"; };
		A2F041C92C40B9D400722F48 /* Assets.xcassets */ = {isa = PBXFileReference; lastKnownFileType = folder.assetcatalog; path = Assets.xcassets; sourceTree = "<group>"; };
		A2F041CC2C40B9D400722F48 /* Base */ = {isa = PBXFileReference; lastKnownFileType = file.storyboard; name = Base; path = Base.lproj/LaunchScreen.storyboard; sourceTree = "<group>"; };
		A2F041CE2C40B9D400722F48 /* Info.plist */ = {isa = PBXFileReference; lastKnownFileType = text.plist.xml; path = Info.plist; sourceTree = "<group>"; };
		A2F041D72C410E2000722F48 /* PhoneBook+CoreDataClass.swift */ = {isa = PBXFileReference; lastKnownFileType = sourcecode.swift; path = "PhoneBook+CoreDataClass.swift"; sourceTree = "<group>"; };
		A2F041D82C410E2000722F48 /* PhoneBook+CoreDataProperties.swift */ = {isa = PBXFileReference; lastKnownFileType = sourcecode.swift; path = "PhoneBook+CoreDataProperties.swift"; sourceTree = "<group>"; };
		A2F041DE2C4121EF00722F48 /* PhoneBookViewController.swift */ = {isa = PBXFileReference; lastKnownFileType = sourcecode.swift; path = PhoneBookViewController.swift; sourceTree = "<group>"; };
		A2F041E02C44B79B00722F48 /* PoketMon.swift */ = {isa = PBXFileReference; lastKnownFileType = sourcecode.swift; path = PoketMon.swift; sourceTree = "<group>"; };
		A2F041E22C450AEA00722F48 /* TableViewCell.swift */ = {isa = PBXFileReference; lastKnownFileType = sourcecode.swift; path = TableViewCell.swift; sourceTree = "<group>"; };
		A2F041E42C45161800722F48 /* TableView.swift */ = {isa = PBXFileReference; lastKnownFileType = sourcecode.swift; path = TableView.swift; sourceTree = "<group>"; };
		A2F041E62C4685A100722F48 /* PoketMonImageView.swift */ = {isa = PBXFileReference; lastKnownFileType = sourcecode.swift; path = PoketMonImageView.swift; sourceTree = "<group>"; };
		A2F041EB2C48DE0E00722F48 /* NetworkManager.swift */ = {isa = PBXFileReference; lastKnownFileType = sourcecode.swift; path = NetworkManager.swift; sourceTree = "<group>"; };
		A2F041ED2C48E7B400722F48 /* TextView.swift */ = {isa = PBXFileReference; lastKnownFileType = sourcecode.swift; path = TextView.swift; sourceTree = "<group>"; };
/* End PBXFileReference section */

/* Begin PBXFrameworksBuildPhase section */
		A2F041B72C40B9D300722F48 /* Frameworks */ = {
			isa = PBXFrameworksBuildPhase;
			buildActionMask = 2147483647;
			files = (
				A2F041DD2C411B5E00722F48 /* SnapKit in Frameworks */,
			);
			runOnlyForDeploymentPostprocessing = 0;
		};
/* End PBXFrameworksBuildPhase section */

/* Begin PBXGroup section */
		A2F041B12C40B9D300722F48 = {
			isa = PBXGroup;
			children = (
				A2F041BC2C40B9D300722F48 /* PhoneBookProject */,
				A2F041BB2C40B9D300722F48 /* Products */,
			);
			sourceTree = "<group>";
		};
		A2F041BB2C40B9D300722F48 /* Products */ = {
			isa = PBXGroup;
			children = (
				A2F041BA2C40B9D300722F48 /* PhoneBookProject.app */,
			);
			name = Products;
			sourceTree = "<group>";
		};
		A2F041BC2C40B9D300722F48 /* PhoneBookProject */ = {
			isa = PBXGroup;
			children = (
				A2F041EA2C48DDF700722F48 /* network */,
				A2F041D62C40BB3600722F48 /* controller */,
				A2F041D52C40BB3000722F48 /* view */,
				A2F041D42C40BB2900722F48 /* model */,
				A2F041BD2C40B9D300722F48 /* AppDelegate.swift */,
				A2F041BF2C40B9D300722F48 /* SceneDelegate.swift */,
				A2F041C92C40B9D400722F48 /* Assets.xcassets */,
				A2F041CB2C40B9D400722F48 /* LaunchScreen.storyboard */,
				A2F041CE2C40B9D400722F48 /* Info.plist */,
				A2F041C62C40B9D300722F48 /* PhoneBookProject.xcdatamodeld */,
			);
			path = PhoneBookProject;
			sourceTree = "<group>";
		};
		A2F041D42C40BB2900722F48 /* model */ = {
			isa = PBXGroup;
			children = (
				A2F041D72C410E2000722F48 /* PhoneBook+CoreDataClass.swift */,
				A2F041D82C410E2000722F48 /* PhoneBook+CoreDataProperties.swift */,
				A2F041E02C44B79B00722F48 /* PoketMon.swift */,
			);
			path = model;
			sourceTree = "<group>";
		};
		A2F041D52C40BB3000722F48 /* view */ = {
			isa = PBXGroup;
			children = (
				A2F041E22C450AEA00722F48 /* TableViewCell.swift */,
				A2F041E42C45161800722F48 /* TableView.swift */,
				A2F041E62C4685A100722F48 /* PoketMonImageView.swift */,
				A2F041ED2C48E7B400722F48 /* TextView.swift */,
			);
			path = view;
			sourceTree = "<group>";
		};
		A2F041D62C40BB3600722F48 /* controller */ = {
			isa = PBXGroup;
			children = (
				A2F041C12C40B9D300722F48 /* ViewController.swift */,
				A2F041DE2C4121EF00722F48 /* PhoneBookViewController.swift */,
			);
			path = controller;
			sourceTree = "<group>";
		};
		A2F041EA2C48DDF700722F48 /* network */ = {
			isa = PBXGroup;
			children = (
				A2F041EB2C48DE0E00722F48 /* NetworkManager.swift */,
			);
			path = network;
			sourceTree = "<group>";
		};
/* End PBXGroup section */

/* Begin PBXNativeTarget section */
		A2F041B92C40B9D300722F48 /* PhoneBookProject */ = {
			isa = PBXNativeTarget;
			buildConfigurationList = A2F041D12C40B9D400722F48 /* Build configuration list for PBXNativeTarget "PhoneBookProject" */;
			buildPhases = (
				A2F041B62C40B9D300722F48 /* Sources */,
				A2F041B72C40B9D300722F48 /* Frameworks */,
				A2F041B82C40B9D300722F48 /* Resources */,
			);
			buildRules = (
			);
			dependencies = (
			);
			name = PhoneBookProject;
			packageProductDependencies = (
				A2F041DC2C411B5E00722F48 /* SnapKit */,
			);
			productName = PhoneBookProject;
			productReference = A2F041BA2C40B9D300722F48 /* PhoneBookProject.app */;
			productType = "com.apple.product-type.application";
		};
/* End PBXNativeTarget section */

/* Begin PBXProject section */
		A2F041B22C40B9D300722F48 /* Project object */ = {
			isa = PBXProject;
			attributes = {
				BuildIndependentTargetsInParallel = 1;
				LastSwiftUpdateCheck = 1540;
				LastUpgradeCheck = 1540;
				TargetAttributes = {
					A2F041B92C40B9D300722F48 = {
						CreatedOnToolsVersion = 15.4;
					};
				};
			};
			buildConfigurationList = A2F041B52C40B9D300722F48 /* Build configuration list for PBXProject "PhoneBookProject" */;
			compatibilityVersion = "Xcode 14.0";
			developmentRegion = en;
			hasScannedForEncodings = 0;
			knownRegions = (
				en,
				Base,
			);
			mainGroup = A2F041B12C40B9D300722F48;
			packageReferences = (
				A2F041DB2C411B5E00722F48 /* XCRemoteSwiftPackageReference "SnapKit" */,
			);
			productRefGroup = A2F041BB2C40B9D300722F48 /* Products */;
			projectDirPath = "";
			projectRoot = "";
			targets = (
				A2F041B92C40B9D300722F48 /* PhoneBookProject */,
			);
		};
/* End PBXProject section */

/* Begin PBXResourcesBuildPhase section */
		A2F041B82C40B9D300722F48 /* Resources */ = {
			isa = PBXResourcesBuildPhase;
			buildActionMask = 2147483647;
			files = (
				A2F041CA2C40B9D400722F48 /* Assets.xcassets in Resources */,
				A2F041CD2C40B9D400722F48 /* Base in Resources */,
			);
			runOnlyForDeploymentPostprocessing = 0;
		};
/* End PBXResourcesBuildPhase section */

/* Begin PBXSourcesBuildPhase section */
		A2F041B62C40B9D300722F48 /* Sources */ = {
			isa = PBXSourcesBuildPhase;
			buildActionMask = 2147483647;
			files = (
				A2F041EC2C48DE0E00722F48 /* NetworkManager.swift in Sources */,
				A2F041C22C40B9D300722F48 /* ViewController.swift in Sources */,
				A2F041E52C45161800722F48 /* TableView.swift in Sources */,
				A2F041EE2C48E7B400722F48 /* TextView.swift in Sources */,
				A2F041C82C40B9D300722F48 /* PhoneBookProject.xcdatamodeld in Sources */,
				A2F041BE2C40B9D300722F48 /* AppDelegate.swift in Sources */,
				A2F041E32C450AEA00722F48 /* TableViewCell.swift in Sources */,
				A2F041D92C410E2000722F48 /* PhoneBook+CoreDataClass.swift in Sources */,
				A2F041DA2C410E2000722F48 /* PhoneBook+CoreDataProperties.swift in Sources */,
				A2F041E72C4685A100722F48 /* PoketMonImageView.swift in Sources */,
				A2F041C02C40B9D300722F48 /* SceneDelegate.swift in Sources */,
				A2F041E12C44B79B00722F48 /* PoketMon.swift in Sources */,
				A2F041DF2C4121EF00722F48 /* PhoneBookViewController.swift in Sources */,
			);
			runOnlyForDeploymentPostprocessing = 0;
		};
/* End PBXSourcesBuildPhase section */

/* Begin PBXVariantGroup section */
		A2F041CB2C40B9D400722F48 /* LaunchScreen.storyboard */ = {
			isa = PBXVariantGroup;
			children = (
				A2F041CC2C40B9D400722F48 /* Base */,
			);
			name = LaunchScreen.storyboard;
			sourceTree = "<group>";
		};
/* End PBXVariantGroup section */

/* Begin XCBuildConfiguration section */
		A2F041CF2C40B9D400722F48 /* Debug */ = {
			isa = XCBuildConfiguration;
			buildSettings = {
				ALWAYS_SEARCH_USER_PATHS = NO;
				ASSETCATALOG_COMPILER_GENERATE_SWIFT_ASSET_SYMBOL_EXTENSIONS = YES;
				CLANG_ANALYZER_NONNULL = YES;
				CLANG_ANALYZER_NUMBER_OBJECT_CONVERSION = YES_AGGRESSIVE;
				CLANG_CXX_LANGUAGE_STANDARD = "gnu++20";
				CLANG_ENABLE_MODULES = YES;
				CLANG_ENABLE_OBJC_ARC = YES;
				CLANG_ENABLE_OBJC_WEAK = YES;
				CLANG_WARN_BLOCK_CAPTURE_AUTORELEASING = YES;
				CLANG_WARN_BOOL_CONVERSION = YES;
				CLANG_WARN_COMMA = YES;
				CLANG_WARN_CONSTANT_CONVERSION = YES;
				CLANG_WARN_DEPRECATED_OBJC_IMPLEMENTATIONS = YES;
				CLANG_WARN_DIRECT_OBJC_ISA_USAGE = YES_ERROR;
				CLANG_WARN_DOCUMENTATION_COMMENTS = YES;
				CLANG_WARN_EMPTY_BODY = YES;
				CLANG_WARN_ENUM_CONVERSION = YES;
				CLANG_WARN_INFINITE_RECURSION = YES;
				CLANG_WARN_INT_CONVERSION = YES;
				CLANG_WARN_NON_LITERAL_NULL_CONVERSION = YES;
				CLANG_WARN_OBJC_IMPLICIT_RETAIN_SELF = YES;
				CLANG_WARN_OBJC_LITERAL_CONVERSION = YES;
				CLANG_WARN_OBJC_ROOT_CLASS = YES_ERROR;
				CLANG_WARN_QUOTED_INCLUDE_IN_FRAMEWORK_HEADER = YES;
				CLANG_WARN_RANGE_LOOP_ANALYSIS = YES;
				CLANG_WARN_STRICT_PROTOTYPES = YES;
				CLANG_WARN_SUSPICIOUS_MOVE = YES;
				CLANG_WARN_UNGUARDED_AVAILABILITY = YES_AGGRESSIVE;
				CLANG_WARN_UNREACHABLE_CODE = YES;
				CLANG_WARN__DUPLICATE_METHOD_MATCH = YES;
				COPY_PHASE_STRIP = NO;
				DEBUG_INFORMATION_FORMAT = dwarf;
				ENABLE_STRICT_OBJC_MSGSEND = YES;
				ENABLE_TESTABILITY = YES;
				ENABLE_USER_SCRIPT_SANDBOXING = YES;
				GCC_C_LANGUAGE_STANDARD = gnu17;
				GCC_DYNAMIC_NO_PIC = NO;
				GCC_NO_COMMON_BLOCKS = YES;
				GCC_OPTIMIZATION_LEVEL = 0;
				GCC_PREPROCESSOR_DEFINITIONS = (
					"DEBUG=1",
					"$(inherited)",
				);
				GCC_WARN_64_TO_32_BIT_CONVERSION = YES;
				GCC_WARN_ABOUT_RETURN_TYPE = YES_ERROR;
				GCC_WARN_UNDECLARED_SELECTOR = YES;
				GCC_WARN_UNINITIALIZED_AUTOS = YES_AGGRESSIVE;
				GCC_WARN_UNUSED_FUNCTION = YES;
				GCC_WARN_UNUSED_VARIABLE = YES;
				IPHONEOS_DEPLOYMENT_TARGET = 17.5;
				LOCALIZATION_PREFERS_STRING_CATALOGS = YES;
				MTL_ENABLE_DEBUG_INFO = INCLUDE_SOURCE;
				MTL_FAST_MATH = YES;
				ONLY_ACTIVE_ARCH = YES;
				SDKROOT = iphoneos;
				SWIFT_ACTIVE_COMPILATION_CONDITIONS = "DEBUG $(inherited)";
				SWIFT_OPTIMIZATION_LEVEL = "-Onone";
			};
			name = Debug;
		};
		A2F041D02C40B9D400722F48 /* Release */ = {
			isa = XCBuildConfiguration;
			buildSettings = {
				ALWAYS_SEARCH_USER_PATHS = NO;
				ASSETCATALOG_COMPILER_GENERATE_SWIFT_ASSET_SYMBOL_EXTENSIONS = YES;
				CLANG_ANALYZER_NONNULL = YES;
				CLANG_ANALYZER_NUMBER_OBJECT_CONVERSION = YES_AGGRESSIVE;
				CLANG_CXX_LANGUAGE_STANDARD = "gnu++20";
				CLANG_ENABLE_MODULES = YES;
				CLANG_ENABLE_OBJC_ARC = YES;
				CLANG_ENABLE_OBJC_WEAK = YES;
				CLANG_WARN_BLOCK_CAPTURE_AUTORELEASING = YES;
				CLANG_WARN_BOOL_CONVERSION = YES;
				CLANG_WARN_COMMA = YES;
				CLANG_WARN_CONSTANT_CONVERSION = YES;
				CLANG_WARN_DEPRECATED_OBJC_IMPLEMENTATIONS = YES;
				CLANG_WARN_DIRECT_OBJC_ISA_USAGE = YES_ERROR;
				CLANG_WARN_DOCUMENTATION_COMMENTS = YES;
				CLANG_WARN_EMPTY_BODY = YES;
				CLANG_WARN_ENUM_CONVERSION = YES;
				CLANG_WARN_INFINITE_RECURSION = YES;
				CLANG_WARN_INT_CONVERSION = YES;
				CLANG_WARN_NON_LITERAL_NULL_CONVERSION = YES;
				CLANG_WARN_OBJC_IMPLICIT_RETAIN_SELF = YES;
				CLANG_WARN_OBJC_LITERAL_CONVERSION = YES;
				CLANG_WARN_OBJC_ROOT_CLASS = YES_ERROR;
				CLANG_WARN_QUOTED_INCLUDE_IN_FRAMEWORK_HEADER = YES;
				CLANG_WARN_RANGE_LOOP_ANALYSIS = YES;
				CLANG_WARN_STRICT_PROTOTYPES = YES;
				CLANG_WARN_SUSPICIOUS_MOVE = YES;
				CLANG_WARN_UNGUARDED_AVAILABILITY = YES_AGGRESSIVE;
				CLANG_WARN_UNREACHABLE_CODE = YES;
				CLANG_WARN__DUPLICATE_METHOD_MATCH = YES;
				COPY_PHASE_STRIP = NO;
				DEBUG_INFORMATION_FORMAT = "dwarf-with-dsym";
				ENABLE_NS_ASSERTIONS = NO;
				ENABLE_STRICT_OBJC_MSGSEND = YES;
				ENABLE_USER_SCRIPT_SANDBOXING = YES;
				GCC_C_LANGUAGE_STANDARD = gnu17;
				GCC_NO_COMMON_BLOCKS = YES;
				GCC_WARN_64_TO_32_BIT_CONVERSION = YES;
				GCC_WARN_ABOUT_RETURN_TYPE = YES_ERROR;
				GCC_WARN_UNDECLARED_SELECTOR = YES;
				GCC_WARN_UNINITIALIZED_AUTOS = YES_AGGRESSIVE;
				GCC_WARN_UNUSED_FUNCTION = YES;
				GCC_WARN_UNUSED_VARIABLE = YES;
				IPHONEOS_DEPLOYMENT_TARGET = 17.5;
				LOCALIZATION_PREFERS_STRING_CATALOGS = YES;
				MTL_ENABLE_DEBUG_INFO = NO;
				MTL_FAST_MATH = YES;
				SDKROOT = iphoneos;
				SWIFT_COMPILATION_MODE = wholemodule;
				VALIDATE_PRODUCT = YES;
			};
			name = Release;
		};
		A2F041D22C40B9D400722F48 /* Debug */ = {
			isa = XCBuildConfiguration;
			buildSettings = {
				ASSETCATALOG_COMPILER_APPICON_NAME = AppIcon;
				ASSETCATALOG_COMPILER_GLOBAL_ACCENT_COLOR_NAME = AccentColor;
				CODE_SIGN_STYLE = Automatic;
				CURRENT_PROJECT_VERSION = 1;
				DEVELOPMENT_TEAM = 4AW33HG75T;
				GENERATE_INFOPLIST_FILE = YES;
				INFOPLIST_FILE = PhoneBookProject/Info.plist;
				INFOPLIST_KEY_UIApplicationSupportsIndirectInputEvents = YES;
				INFOPLIST_KEY_UILaunchStoryboardName = LaunchScreen;
				INFOPLIST_KEY_UISupportedInterfaceOrientations_iPad = "UIInterfaceOrientationPortrait UIInterfaceOrientationPortraitUpsideDown UIInterfaceOrientationLandscapeLeft UIInterfaceOrientationLandscapeRight";
				INFOPLIST_KEY_UISupportedInterfaceOrientations_iPhone = "UIInterfaceOrientationPortrait UIInterfaceOrientationLandscapeLeft UIInterfaceOrientationLandscapeRight";
				LD_RUNPATH_SEARCH_PATHS = (
					"$(inherited)",
					"@executable_path/Frameworks",
				);
				MARKETING_VERSION = 1.0;
				PRODUCT_BUNDLE_IDENTIFIER = com.seungHwan.PhoneBookProject;
				PRODUCT_NAME = "$(TARGET_NAME)";
				SWIFT_EMIT_LOC_STRINGS = YES;
				SWIFT_VERSION = 5.0;
				TARGETED_DEVICE_FAMILY = "1,2";
			};
			name = Debug;
		};
		A2F041D32C40B9D400722F48 /* Release */ = {
			isa = XCBuildConfiguration;
			buildSettings = {
				ASSETCATALOG_COMPILER_APPICON_NAME = AppIcon;
				ASSETCATALOG_COMPILER_GLOBAL_ACCENT_COLOR_NAME = AccentColor;
				CODE_SIGN_STYLE = Automatic;
				CURRENT_PROJECT_VERSION = 1;
				DEVELOPMENT_TEAM = 4AW33HG75T;
				GENERATE_INFOPLIST_FILE = YES;
				INFOPLIST_FILE = PhoneBookProject/Info.plist;
				INFOPLIST_KEY_UIApplicationSupportsIndirectInputEvents = YES;
				INFOPLIST_KEY_UILaunchStoryboardName = LaunchScreen;
				INFOPLIST_KEY_UISupportedInterfaceOrientations_iPad = "UIInterfaceOrientationPortrait UIInterfaceOrientationPortraitUpsideDown UIInterfaceOrientationLandscapeLeft UIInterfaceOrientationLandscapeRight";
				INFOPLIST_KEY_UISupportedInterfaceOrientations_iPhone = "UIInterfaceOrientationPortrait UIInterfaceOrientationLandscapeLeft UIInterfaceOrientationLandscapeRight";
				LD_RUNPATH_SEARCH_PATHS = (
					"$(inherited)",
					"@executable_path/Frameworks",
				);
				MARKETING_VERSION = 1.0;
				PRODUCT_BUNDLE_IDENTIFIER = com.seungHwan.PhoneBookProject;
				PRODUCT_NAME = "$(TARGET_NAME)";
				SWIFT_EMIT_LOC_STRINGS = YES;
				SWIFT_VERSION = 5.0;
				TARGETED_DEVICE_FAMILY = "1,2";
			};
			name = Release;
		};
/* End XCBuildConfiguration section */

/* Begin XCConfigurationList section */
		A2F041B52C40B9D300722F48 /* Build configuration list for PBXProject "PhoneBookProject" */ = {
			isa = XCConfigurationList;
			buildConfigurations = (
				A2F041CF2C40B9D400722F48 /* Debug */,
				A2F041D02C40B9D400722F48 /* Release */,
			);
			defaultConfigurationIsVisible = 0;
			defaultConfigurationName = Release;
		};
		A2F041D12C40B9D400722F48 /* Build configuration list for PBXNativeTarget "PhoneBookProject" */ = {
			isa = XCConfigurationList;
			buildConfigurations = (
				A2F041D22C40B9D400722F48 /* Debug */,
				A2F041D32C40B9D400722F48 /* Release */,
			);
			defaultConfigurationIsVisible = 0;
			defaultConfigurationName = Release;
		};
/* End XCConfigurationList section */

/* Begin XCRemoteSwiftPackageReference section */
		A2F041DB2C411B5E00722F48 /* XCRemoteSwiftPackageReference "SnapKit" */ = {
			isa = XCRemoteSwiftPackageReference;
			repositoryURL = "https://github.com/SnapKit/SnapKit.git";
			requirement = {
				kind = upToNextMajorVersion;
				minimumVersion = 5.7.1;
			};
		};
/* End XCRemoteSwiftPackageReference section */

/* Begin XCSwiftPackageProductDependency section */
		A2F041DC2C411B5E00722F48 /* SnapKit */ = {
			isa = XCSwiftPackageProductDependency;
			package = A2F041DB2C411B5E00722F48 /* XCRemoteSwiftPackageReference "SnapKit" */;
			productName = SnapKit;
		};
/* End XCSwiftPackageProductDependency section */

/* Begin XCVersionGroup section */
		A2F041C62C40B9D300722F48 /* PhoneBookProject.xcdatamodeld */ = {
			isa = XCVersionGroup;
			children = (
				A2F041C72C40B9D300722F48 /* PhoneBookProject.xcdatamodel */,
			);
			currentVersion = A2F041C72C40B9D300722F48 /* PhoneBookProject.xcdatamodel */;
			path = PhoneBookProject.xcdatamodeld;
			sourceTree = "<group>";
			versionGroupType = wrapper.xcdatamodel;
		};
/* End XCVersionGroup section */
	};
	rootObject = A2F041B22C40B9D300722F48 /* Project object */;
}
